// !$*UTF8*$!
{
	archiveVersion = 1;
	classes = {
	};
	objectVersion = 46;
	objects = {

/* Begin PBXBuildFile section */
		62ECDBE61D9693EF00CB48E6 /* AppDelegate.swift in Sources */ = {isa = PBXBuildFile; fileRef = 62ECDBE51D9693EF00CB48E6 /* AppDelegate.swift */; };
		62ECDBE81D9693EF00CB48E6 /* ViewController.swift in Sources */ = {isa = PBXBuildFile; fileRef = 62ECDBE71D9693EF00CB48E6 /* ViewController.swift */; };
		62ECDBEB1D9693EF00CB48E6 /* Main.storyboard in Resources */ = {isa = PBXBuildFile; fileRef = 62ECDBE91D9693EF00CB48E6 /* Main.storyboard */; };
		62ECDBED1D9693EF00CB48E6 /* Assets.xcassets in Resources */ = {isa = PBXBuildFile; fileRef = 62ECDBEC1D9693EF00CB48E6 /* Assets.xcassets */; };
		62ECDBF01D9693EF00CB48E6 /* LaunchScreen.storyboard in Resources */ = {isa = PBXBuildFile; fileRef = 62ECDBEE1D9693EF00CB48E6 /* LaunchScreen.storyboard */; };
		62ECDBF81D96944200CB48E6 /* iphone-6-best-wallpapers-hd.jpg in Resources */ = {isa = PBXBuildFile; fileRef = 62ECDBF71D96944200CB48E6 /* iphone-6-best-wallpapers-hd.jpg */; };
		62ECDBFA1D96948900CB48E6 /* EGOTRIP.TTF in Resources */ = {isa = PBXBuildFile; fileRef = 62ECDBF91D96948900CB48E6 /* EGOTRIP.TTF */; };
/* End PBXBuildFile section */

/* Begin PBXFileReference section */
		62ECDBE21D9693EF00CB48E6 /* ClickClock.app */ = {isa = PBXFileReference; explicitFileType = wrapper.application; includeInIndex = 0; path = ClickClock.app; sourceTree = BUILT_PRODUCTS_DIR; };
		62ECDBE51D9693EF00CB48E6 /* AppDelegate.swift */ = {isa = PBXFileReference; lastKnownFileType = sourcecode.swift; path = AppDelegate.swift; sourceTree = "<group>"; };
		62ECDBE71D9693EF00CB48E6 /* ViewController.swift */ = {isa = PBXFileReference; lastKnownFileType = sourcecode.swift; path = ViewController.swift; sourceTree = "<group>"; };
		62ECDBEA1D9693EF00CB48E6 /* Base */ = {isa = PBXFileReference; lastKnownFileType = file.storyboard; name = Base; path = Base.lproj/Main.storyboard; sourceTree = "<group>"; };
		62ECDBEC1D9693EF00CB48E6 /* Assets.xcassets */ = {isa = PBXFileReference; lastKnownFileType = folder.assetcatalog; path = Assets.xcassets; sourceTree = "<group>"; };
		62ECDBEF1D9693EF00CB48E6 /* Base */ = {isa = PBXFileReference; lastKnownFileType = file.storyboard; name = Base; path = Base.lproj/LaunchScreen.storyboard; sourceTree = "<group>"; };
		62ECDBF11D9693EF00CB48E6 /* Info.plist */ = {isa = PBXFileReference; lastKnownFileType = text.plist.xml; path = Info.plist; sourceTree = "<group>"; };
		62ECDBF71D96944200CB48E6 /* iphone-6-best-wallpapers-hd.jpg */ = {isa = PBXFileReference; lastKnownFileType = image.jpeg; name = "iphone-6-best-wallpapers-hd.jpg"; path = "../../../iphone-6-best-wallpapers-hd.jpg"; sourceTree = "<group>"; };
		62ECDBF91D96948900CB48E6 /* EGOTRIP.TTF */ = {isa = PBXFileReference; lastKnownFileType = file; name = EGOTRIP.TTF; path = ../../../EGOTRIP.TTF; sourceTree = "<group>"; };
/* End PBXFileReference section */

/* Begin PBXFrameworksBuildPhase section */
		62ECDBDF1D9693EF00CB48E6 /* Frameworks */ = {
			isa = PBXFrameworksBuildPhase;
			buildActionMask = 2147483647;
			files = (
			);
			runOnlyForDeploymentPostprocessing = 0;
		};
/* End PBXFrameworksBuildPhase section */

/* Begin PBXGroup section */
		62ECDBD91D9693EF00CB48E6 = {
			isa = PBXGroup;
			children = (
				62ECDBE41D9693EF00CB48E6 /* ClickClock */,
				62ECDBE31D9693EF00CB48E6 /* Products */,
			);
			sourceTree = "<group>";
		};
		62ECDBE31D9693EF00CB48E6 /* Products */ = {
			isa = PBXGroup;
			children = (
				62ECDBE21D9693EF00CB48E6 /* ClickClock.app */,
			);
			name = Products;
			sourceTree = "<group>";
		};
		62ECDBE41D9693EF00CB48E6 /* ClickClock */ = {
			isa = PBXGroup;
			children = (
				62ECDBF91D96948900CB48E6 /* EGOTRIP.TTF */,
				62ECDBF71D96944200CB48E6 /* iphone-6-best-wallpapers-hd.jpg */,
				62ECDBE51D9693EF00CB48E6 /* AppDelegate.swift */,
				62ECDBE71D9693EF00CB48E6 /* ViewController.swift */,
				62ECDBE91D9693EF00CB48E6 /* Main.storyboard */,
				62ECDBEC1D9693EF00CB48E6 /* Assets.xcassets */,
				62ECDBEE1D9693EF00CB48E6 /* LaunchScreen.storyboard */,
				62ECDBF11D9693EF00CB48E6 /* Info.plist */,
			);
			path = ClickClock;
			sourceTree = "<group>";
		};
/* End PBXGroup section */

/* Begin PBXNativeTarget section */
		62ECDBE11D9693EF00CB48E6 /* ClickClock */ = {
			isa = PBXNativeTarget;
			buildConfigurationList = 62ECDBF41D9693EF00CB48E6 /* Build configuration list for PBXNativeTarget "ClickClock" */;
			buildPhases = (
				62ECDBDE1D9693EF00CB48E6 /* Sources */,
				62ECDBDF1D9693EF00CB48E6 /* Frameworks */,
				62ECDBE01D9693EF00CB48E6 /* Resources */,
			);
			buildRules = (
			);
			dependencies = (
			);
			name = ClickClock;
			productName = ClickClock;
			productReference = 62ECDBE21D9693EF00CB48E6 /* ClickClock.app */;
			productType = "com.apple.product-type.application";
		};
/* End PBXNativeTarget section */

/* Begin PBXProject section */
		62ECDBDA1D9693EF00CB48E6 /* Project object */ = {
			isa = PBXProject;
			attributes = {
				LastSwiftUpdateCheck = 0720;
				LastUpgradeCheck = 0720;
				ORGANIZATIONNAME = Pitias;
				TargetAttributes = {
					62ECDBE11D9693EF00CB48E6 = {
						CreatedOnToolsVersion = 7.2.1;
					};
				};
			};
			buildConfigurationList = 62ECDBDD1D9693EF00CB48E6 /* Build configuration list for PBXProject "ClickClock" */;
			compatibilityVersion = "Xcode 3.2";
			developmentRegion = English;
			hasScannedForEncodings = 0;
			knownRegions = (
				en,
				Base,
			);
			mainGroup = 62ECDBD91D9693EF00CB48E6;
			productRefGroup = 62ECDBE31D9693EF00CB48E6 /* Products */;
			projectDirPath = "";
			projectRoot = "";
			targets = (
				62ECDBE11D9693EF00CB48E6 /* ClickClock */,
			);
		};
/* End PBXProject section */

/* Begin PBXResourcesBuildPhase section */
		62ECDBE01D9693EF00CB48E6 /* Resources */ = {
			isa = PBXResourcesBuildPhase;
			buildActionMask = 2147483647;
			files = (
				62ECDBF81D96944200CB48E6 /* iphone-6-best-wallpapers-hd.jpg in Resources */,
				62ECDBF01D9693EF00CB48E6 /* LaunchScreen.storyboard in Resources */,
				62ECDBED1D9693EF00CB48E6 /* Assets.xcassets in Resources */,
				62ECDBFA1D96948900CB48E6 /* EGOTRIP.TTF in Resources */,
				62ECDBEB1D9693EF00CB48E6 /* Main.storyboard in Resources */,
			);
			runOnlyForDeploymentPostprocessing = 0;
		};
/* End PBXResourcesBuildPhase section */

/* Begin PBXSourcesBuildPhase section */
		62ECDBDE1D9693EF00CB48E6 /* Sources */ = {
			isa = PBXSourcesBuildPhase;
			buildActionMask = 2147483647;
			files = (
				62ECDBE81D9693EF00CB48E6 /* ViewController.swift in Sources */,
				62ECDBE61D9693EF00CB48E6 /* AppDelegate.swift in Sources */,
			);
			runOnlyForDeploymentPostprocessing = 0;
		};
/* End PBXSourcesBuildPhase section */

/* Begin PBXVariantGroup section */
		62ECDBE91D9693EF00CB48E6 /* Main.storyboard */ = {
			isa = PBXVariantGroup;
			children = (
				62ECDBEA1D9693EF00CB48E6 /* Base */,
			);
			name = Main.storyboard;
			sourceTree = "<group>";
		};
		62ECDBEE1D9693EF00CB48E6 /* LaunchScreen.storyboard */ = {
			isa = PBXVariantGroup;
			children = (
				62ECDBEF1D9693EF00CB48E6 /* Base */,
			);
			name = LaunchScreen.storyboard;
			sourceTree = "<group>";
		};
/* End PBXVariantGroup section */

/* Begin XCBuildConfiguration section */
		62ECDBF21D9693EF00CB48E6 /* Debug */ = {
			isa = XCBuildConfiguration;
			buildSettings = {
				ALWAYS_SEARCH_USER_PATHS = NO;
				CLANG_CXX_LANGUAGE_STANDARD = "gnu++0x";
				CLANG_CXX_LIBRARY = "libc++";
				CLANG_ENABLE_MODULES = YES;
				CLANG_ENABLE_OBJC_ARC = YES;
				CLANG_WARN_BOOL_CONVERSION = YES;
				CLANG_WARN_CONSTANT_CONVERSION = YES;
				CLANG_WARN_DIRECT_OBJC_ISA_USAGE = YES_ERROR;
				CLANG_WARN_EMPTY_BODY = YES;
				CLANG_WARN_ENUM_CONVERSION = YES;
				CLANG_WARN_INT_CONVERSION = YES;
				CLANG_WARN_OBJC_ROOT_CLASS = YES_ERROR;
				CLANG_WARN_UNREACHABLE_CODE = YES;
				CLANG_WARN__DUPLICATE_METHOD_MATCH = YES;
				"CODE_SIGN_IDENTITY[sdk=iphoneos*]" = "iPhone Developer";
				COPY_PHASE_STRIP = NO;
				DEBUG_INFORMATION_FORMAT = dwarf;
				ENABLE_STRICT_OBJC_MSGSEND = YES;
				ENABLE_TESTABILITY = YES;
				GCC_C_LANGUAGE_STANDARD = gnu99;
				GCC_DYNAMIC_NO_PIC = NO;
				GCC_NO_COMMON_BLOCKS = YES;
				GCC_OPTIMIZATION_LEVEL = 0;
				GCC_PREPROCESSOR_DEFINITIONS = (
					"DEBUG=1",
					"$(inherited)",
				);
				GCC_WARN_64_TO_32_BIT_CONVERSION = YES;
				GCC_WARN_ABOUT_RETURN_TYPE = YES_ERROR;
				GCC_WARN_UNDECLARED_SELECTOR = YES;
				GCC_WARN_UNINITIALIZED_AUTOS = YES_AGGRESSIVE;
				GCC_WARN_UNUSED_FUNCTION = YES;
				GCC_WARN_UNUSED_VARIABLE = YES;
				IPHONEOS_DEPLOYMENT_TARGET = 9.2;
				MTL_ENABLE_DEBUG_INFO = YES;
				ONLY_ACTIVE_ARCH = YES;
				SDKROOT = iphoneos;
				SWIFT_OPTIMIZATION_LEVEL = "-Onone";
				TARGETED_DEVICE_FAMILY = "1,2";
			};
			name = Debug;
		};
		62ECDBF31D9693EF00CB48E6 /* Release */ = {
			isa = XCBuildConfiguration;
			buildSettings = {
				ALWAYS_SEARCH_USER_PATHS = NO;
				CLANG_CXX_LANGUAGE_STANDARD = "gnu++0x";
				CLANG_CXX_LIBRARY = "libc++";
				CLANG_ENABLE_MODULES = YES;
				CLANG_ENABLE_OBJC_ARC = YES;
				CLANG_WARN_BOOL_CONVERSION = YES;
				CLANG_WARN_CONSTANT_CONVERSION = YES;
				CLANG_WARN_DIRECT_OBJC_ISA_USAGE = YES_ERROR;
				CLANG_WARN_EMPTY_BODY = YES;
				CLANG_WARN_ENUM_CONVERSION = YES;
				CLANG_WARN_INT_CONVERSION = YES;
				CLANG_WARN_OBJC_ROOT_CLASS = YES_ERROR;
				CLANG_WARN_UNREACHABLE_CODE = YES;
				CLANG_WARN__DUPLICATE_METHOD_MATCH = YES;
				"CODE_SIGN_IDENTITY[sdk=iphoneos*]" = "iPhone Developer";
				COPY_PHASE_STRIP = NO;
				DEBUG_INFORMATION_FORMAT = "dwarf-with-dsym";
				ENABLE_NS_ASSERTIONS = NO;
				ENABLE_STRICT_OBJC_MSGSEND = YES;
				GCC_C_LANGUAGE_STANDARD = gnu99;
				GCC_NO_COMMON_BLOCKS = YES;
				GCC_WARN_64_TO_32_BIT_CONVERSION = YES;
				GCC_WARN_ABOUT_RETURN_TYPE = YES_ERROR;
				GCC_WARN_UNDECLARED_SELECTOR = YES;
				GCC_WARN_UNINITIALIZED_AUTOS = YES_AGGRESSIVE;
				GCC_WARN_UNUSED_FUNCTION = YES;
				GCC_WARN_UNUSED_VARIABLE = YES;
				IPHONEOS_DEPLOYMENT_TARGET = 9.2;
				MTL_ENABLE_DEBUG_INFO = NO;
				SDKROOT = iphoneos;
				TARGETED_DEVICE_FAMILY = "1,2";
				VALIDATE_PRODUCT = YES;
			};
			name = Release;
		};
		62ECDBF51D9693EF00CB48E6 /* Debug */ = {
			isa = XCBuildConfiguration;
			buildSettings = {
				ASSETCATALOG_COMPILER_APPICON_NAME = AppIcon;
				INFOPLIST_FILE = ClickClock/Info.plist;
				LD_RUNPATH_SEARCH_PATHS = "$(inherited) @executable_path/Frameworks";
				PRODUCT_BUNDLE_IDENTIFIER = info.Pitias.ClickClock;
				PRODUCT_NAME = "$(TARGET_NAME)";
			};
			name = Debug;
		};
		62ECDBF61D9693EF00CB48E6 /* Release */ = {
			isa = XCBuildConfiguration;
			buildSettings = {
				ASSETCATALOG_COMPILER_APPICON_NAME = AppIcon;
				INFOPLIST_FILE = ClickClock/Info.plist;
				LD_RUNPATH_SEARCH_PATHS = "$(inherited) @executable_path/Frameworks";
				PRODUCT_BUNDLE_IDENTIFIER = info.Pitias.ClickClock;
				PRODUCT_NAME = "$(TARGET_NAME)";
			};
			name = Release;
		};
/* End XCBuildConfiguration section */

/* Begin XCConfigurationList section */
		62ECDBDD1D9693EF00CB48E6 /* Build configuration list for PBXProject "ClickClock" */ = {
			isa = XCConfigurationList;
			buildConfigurations = (
				62ECDBF21D9693EF00CB48E6 /* Debug */,
				62ECDBF31D9693EF00CB48E6 /* Release */,
			);
			defaultConfigurationIsVisible = 0;
			defaultConfigurationName = Release;
		};
		62ECDBF41D9693EF00CB48E6 /* Build configuration list for PBXNativeTarget "ClickClock" */ = {
			isa = XCConfigurationList;
			buildConfigurations = (
				62ECDBF51D9693EF00CB48E6 /* Debug */,
				62ECDBF61D9693EF00CB48E6 /* Release */,
			);
			defaultConfigurationIsVisible = 0;
		};
/* End XCConfigurationList section */
	};
	rootObject = 62ECDBDA1D9693EF00CB48E6 /* Project object */;
}
